{
  "name": "kemio-highcharts",
  "version": "1.0.0",
  "lockfileVersion": 2,
  "requires": true,
  "packages": {
    "": {
      "name": "kemio-highcharts",
      "version": "1.0.0",
      "license": "ISC",
      "devDependencies": {
        "highcharts": "^10.2.0"
      }
    },
    "node_modules/highcharts": {
      "version": "10.2.0",
      "resolved": "https://registry.npmjs.org/highcharts/-/highcharts-10.2.0.tgz",
      "integrity": "sha512-MvLo4dzR2Vo7Y85dsqJ07uabBXSSIRKRRdW4l9IGP55h2jYWNm/m9JBszVVxySH5Lda6g+Ins9NdGppZJpjNCA==",
      "dev": true
    }
  },
  "dependencies": {
    "highcharts": {
      "version": "10.2.0",
      "resolved": "https://registry.npmjs.org/highcharts/-/highcharts-10.2.0.tgz",
      "integrity": "sha512-MvLo4dzR2Vo7Y85dsqJ07uabBXSSIRKRRdW4l9IGP55h2jYWNm/m9JBszVVxySH5Lda6g+Ins9NdGppZJpjNCA==",
      "dev": true
    }
  }
}
